
Microsoft Visual Studio Solution File, Format Version 12.00
# Visual Studio Version 16
VisualStudioVersion = 16.0.31321.278
MinimumVisualStudioVersion = 10.0.40219.1
Project("{9A19103F-16F7-4668-BE54-9A1E7A4F7556}") = "HelloWorld", "HelloWorld\HelloWorld.csproj", "{EE5AEDC0-270C-4B94-A1C1-6C00C70BCA41}"
EndProject
Project("{FAE04EC0-301F-11D3-BF4B-00C04F79EFBC}") = "ModernUI_MVVM", "ModernUI_MVVM\ModernUI_MVVM.csproj", "{634A168C-4415-4C04-B01B-985947A332BB}"
EndProject
Global
	GlobalSection(SolutionConfigurationPlatforms) = preSolution
		Debug|Any CPU = Debug|Any CPU
		Debug|x64 = Debug|x64
		Release|Any CPU = Release|Any CPU
		Release|x64 = Release|x64
	EndGlobalSection
	GlobalSection(ProjectConfigurationPlatforms) = postSolution
		{EE5AEDC0-270C-4B94-A1C1-6C00C70BCA41}.Debug|Any CPU.ActiveCfg = Debug|Any CPU
		{EE5AEDC0-270C-4B94-A1C1-6C00C70BCA41}.Debug|Any CPU.Build.0 = Debug|Any CPU
		{EE5AEDC0-270C-4B94-A1C1-6C00C70BCA41}.Debug|x64.ActiveCfg = Debug|x64
		{EE5AEDC0-270C-4B94-A1C1-6C00C70BCA41}.Debug|x64.Build.0 = Debug|x64
		{EE5AEDC0-270C-4B94-A1C1-6C00C70BCA41}.Release|Any CPU.ActiveCfg = Release|Any CPU
		{EE5AEDC0-270C-4B94-A1C1-6C00C70BCA41}.Release|Any CPU.Build.0 = Release|Any CPU
		{EE5AEDC0-270C-4B94-A1C1-6C00C70BCA41}.Release|x64.ActiveCfg = Release|x64
		{EE5AEDC0-270C-4B94-A1C1-6C00C70BCA41}.Release|x64.Build.0 = Release|x64
		{634A168C-4415-4C04-B01B-985947A332BB}.Debug|Any CPU.ActiveCfg = Debug|Any CPU
		{634A168C-4415-4C04-B01B-985947A332BB}.Debug|Any CPU.Build.0 = Debug|Any CPU
		{634A168C-4415-4C04-B01B-985947A332BB}.Debug|x64.ActiveCfg = Debug|Any CPU
		{634A168C-4415-4C04-B01B-985947A332BB}.Debug|x64.Build.0 = Debug|Any CPU
		{634A168C-4415-4C04-B01B-985947A332BB}.Release|Any CPU.ActiveCfg = Release|Any CPU
		{634A168C-4415-4C04-B01B-985947A332BB}.Release|Any CPU.Build.0 = Release|Any CPU
		{634A168C-4415-4C04-B01B-985947A332BB}.Release|x64.ActiveCfg = Release|Any CPU
		{634A168C-4415-4C04-B01B-985947A332BB}.Release|x64.Build.0 = Release|Any CPU
	EndGlobalSection
	GlobalSection(SolutionProperties) = preSolution
		HideSolutionNode = FALSE
	EndGlobalSection
	GlobalSection(ExtensibilityGlobals) = postSolution
		SolutionGuid = {01694E7A-9670-461A-A028-33D73428464C}
	EndGlobalSection
EndGlobal
